
Microsoft Visual Studio Solution File, Format Version 12.00
# Visual Studio 15
VisualStudioVersion = 15.0.28010.2019
MinimumVisualStudioVersion = 10.0.40219.1
Project("{FAE04EC0-301F-11D3-BF4B-00C04F79EFBC}") = "Calculator", "Calculator\Calculator.csproj", "{B06F049F-8630-4B6C-AEBC-7197B52F80DD}"
EndProject
Global
	GlobalSection(SolutionConfigurationPlatforms) = preSolution
		Debug|Any CPU = Debug|Any CPU
		Release|Any CPU = Release|Any CPU
	EndGlobalSection
	GlobalSection(ProjectConfigurationPlatforms) = postSolution
		{B06F049F-8630-4B6C-AEBC-7197B52F80DD}.Debug|Any CPU.ActiveCfg = Debug|Any CPU
		{B06F049F-8630-4B6C-AEBC-7197B52F80DD}.Debug|Any CPU.Build.0 = Debug|Any CPU
		{B06F049F-8630-4B6C-AEBC-7197B52F80DD}.Release|Any CPU.ActiveCfg = Release|Any CPU
		{B06F049F-8630-4B6C-AEBC-7197B52F80DD}.Release|Any CPU.Build.0 = Release|Any CPU
	EndGlobalSection
	GlobalSection(SolutionProperties) = preSolution
		HideSolutionNode = FALSE
	EndGlobalSection
	GlobalSection(ExtensibilityGlobals) = postSolution
		SolutionGuid = {5BFDA9E2-C70F-469D-8D6D-6C1706930BD6}
	EndGlobalSection
EndGlobal
